Microsoft Visual Studio Solution File, Format Version 12.00
# Visual Studio Version 17
VisualStudioVersion = 17.5.2.0
MinimumVisualStudioVersion = 10.0.40219.1
Project("{2150E333-8FDC-42A3-9474-1A3956D46DE8}") = "mod", "mod", "{4721CDBE-9835-733F-D50B-18F505229922}"
EndProject
Project("{FAE04EC0-301F-11D3-BF4B-00C04F79EFBC}") = "SubnauticaDeathMarkers", "mod\SubnauticaDeathMarkers.csproj", "{0AFA9BE8-4A6B-AE3B-5009-B8E307D92D16}"
EndProject
Global
	GlobalSection(SolutionConfigurationPlatforms) = preSolution
		Debug|Any CPU = Debug|Any CPU
		Release|Any CPU = Release|Any CPU
	EndGlobalSection
	GlobalSection(ProjectConfigurationPlatforms) = postSolution
		{0AFA9BE8-4A6B-AE3B-5009-B8E307D92D16}.Debug|Any CPU.ActiveCfg = Debug|Any CPU
		{0AFA9BE8-4A6B-AE3B-5009-B8E307D92D16}.Debug|Any CPU.Build.0 = Debug|Any CPU
		{0AFA9BE8-4A6B-AE3B-5009-B8E307D92D16}.Release|Any CPU.ActiveCfg = Release|Any CPU
		{0AFA9BE8-4A6B-AE3B-5009-B8E307D92D16}.Release|Any CPU.Build.0 = Release|Any CPU
	EndGlobalSection
	GlobalSection(SolutionProperties) = preSolution
		HideSolutionNode = FALSE
	EndGlobalSection
	GlobalSection(NestedProjects) = preSolution
		{0AFA9BE8-4A6B-AE3B-5009-B8E307D92D16} = {4721CDBE-9835-733F-D50B-18F505229922}
	EndGlobalSection
	GlobalSection(ExtensibilityGlobals) = postSolution
		SolutionGuid = {14A0AA53-3120-4C16-97E8-9D34317FD80A}
	EndGlobalSection
EndGlobal
